{
  "object": {
    "pins": [
      {
        "package": "CryptoSwift",
        "repositoryURL": "https://github.com/krzyzanowskim/CryptoSwift",
        "state": {
          "branch": null,
          "revision": "c9c3df6ab812de32bae61fc0cd1bf6d45170ebf0",
          "version": "1.8.2"
        }
      },
      {
        "package": "SwiftOTP",
        "repositoryURL": "https://github.com/lachlanbell/SwiftOTP.git",
        "state": {
          "branch": null,
          "revision": "93d4942c90dd498580988ffb9971e2ddf91d5a28",
          "version": "2.0.3"
        }
      }
    ]
  },
  "version": 1
}
