// !$*UTF8*$!
{
	archiveVersion = 1;
	classes = {
	};
	objectVersion = 50;
	objects = {

/* Begin PBXBuildFile section */
		CDBCA36B23D2784700D979D1 /* main.swift in Sources */ = {isa = PBXBuildFile; fileRef = CDBCA36A23D2784700D979D1 /* main.swift */; };
		CDBCA37223D27B3200D979D1 /* iodriver.swift in Sources */ = {isa = PBXBuildFile; fileRef = CDBCA37123D27B3200D979D1 /* iodriver.swift */; };
		DDC8DBF7C2D60078F87BBF44 /* libPods-core-open2fa.a in Frameworks */ = {isa = PBXBuildFile; fileRef = 6E7E454DD73DDA6922F21481 /* libPods-core-open2fa.a */; };
		E798F187636E32CC1C180DA7 /* crypt_handler.swift in Sources */ = {isa = PBXBuildFile; fileRef = E798F34BF3CD4E1EA3734C22 /* crypt_handler.swift */; };
		E798F7DD4D556410882824E3 /* JSON_Handler.swift in Sources */ = {isa = PBXBuildFile; fileRef = E798F2D2B82FCAC6182B8914 /* JSON_Handler.swift */; };
		E798FDAC33CEF6F1BAA106B1 /* core-open2fa.swift in Sources */ = {isa = PBXBuildFile; fileRef = E798F5270960E37801C8EED2 /* core-open2fa.swift */; };
/* End PBXBuildFile section */

/* Begin PBXCopyFilesBuildPhase section */
		CDBCA36523D2784700D979D1 /* CopyFiles */ = {
			isa = PBXCopyFilesBuildPhase;
			buildActionMask = 2147483647;
			dstPath = /usr/share/man/man1/;
			dstSubfolderSpec = 0;
			files = (
			);
			runOnlyForDeploymentPostprocessing = 1;
		};
/* End PBXCopyFilesBuildPhase section */

/* Begin PBXFileReference section */
		6E7E454DD73DDA6922F21481 /* libPods-core-open2fa.a */ = {isa = PBXFileReference; explicitFileType = archive.ar; includeInIndex = 0; path = "libPods-core-open2fa.a"; sourceTree = BUILT_PRODUCTS_DIR; };
		9E680060655661EEA3729876 /* Pods-core-open2fa.debug.xcconfig */ = {isa = PBXFileReference; includeInIndex = 1; lastKnownFileType = text.xcconfig; name = "Pods-core-open2fa.debug.xcconfig"; path = "Target Support Files/Pods-core-open2fa/Pods-core-open2fa.debug.xcconfig"; sourceTree = "<group>"; };
		BC54A42CEE6E2FF4385E62E2 /* Pods-core-open2fa.release.xcconfig */ = {isa = PBXFileReference; includeInIndex = 1; lastKnownFileType = text.xcconfig; name = "Pods-core-open2fa.release.xcconfig"; path = "Target Support Files/Pods-core-open2fa/Pods-core-open2fa.release.xcconfig"; sourceTree = "<group>"; };
		CDBCA36723D2784700D979D1 /* core-open2fa */ = {isa = PBXFileReference; explicitFileType = "compiled.mach-o.executable"; includeInIndex = 0; path = "core-open2fa"; sourceTree = BUILT_PRODUCTS_DIR; };
		CDBCA36A23D2784700D979D1 /* main.swift */ = {isa = PBXFileReference; lastKnownFileType = sourcecode.swift; path = main.swift; sourceTree = "<group>"; };
		CDBCA37123D27B3200D979D1 /* iodriver.swift */ = {isa = PBXFileReference; lastKnownFileType = sourcecode.swift; path = iodriver.swift; sourceTree = "<group>"; };
		E798F2D2B82FCAC6182B8914 /* JSON_Handler.swift */ = {isa = PBXFileReference; fileEncoding = 4; lastKnownFileType = sourcecode.swift; path = JSON_Handler.swift; sourceTree = "<group>"; };
		E798F34BF3CD4E1EA3734C22 /* crypt_handler.swift */ = {isa = PBXFileReference; fileEncoding = 4; lastKnownFileType = sourcecode.swift; path = crypt_handler.swift; sourceTree = "<group>"; };
		E798F5270960E37801C8EED2 /* core-open2fa.swift */ = {isa = PBXFileReference; fileEncoding = 4; lastKnownFileType = sourcecode.swift; path = "core-open2fa.swift"; sourceTree = "<group>"; };
/* End PBXFileReference section */

/* Begin PBXFrameworksBuildPhase section */
		CDBCA36423D2784700D979D1 /* Frameworks */ = {
			isa = PBXFrameworksBuildPhase;
			buildActionMask = 2147483647;
			files = (
				DDC8DBF7C2D60078F87BBF44 /* libPods-core-open2fa.a in Frameworks */,
			);
			runOnlyForDeploymentPostprocessing = 0;
		};
/* End PBXFrameworksBuildPhase section */

/* Begin PBXGroup section */
		71B40F263DA06BEA7263ED78 /* Frameworks */ = {
			isa = PBXGroup;
			children = (
				6E7E454DD73DDA6922F21481 /* libPods-core-open2fa.a */,
			);
			name = Frameworks;
			sourceTree = "<group>";
		};
		7C3DCC0F970BFA5A5CE1AFCF /* Pods */ = {
			isa = PBXGroup;
			children = (
				9E680060655661EEA3729876 /* Pods-core-open2fa.debug.xcconfig */,
				BC54A42CEE6E2FF4385E62E2 /* Pods-core-open2fa.release.xcconfig */,
			);
			path = Pods;
			sourceTree = "<group>";
		};
		CDBCA35E23D2784700D979D1 = {
			isa = PBXGroup;
			children = (
				CDBCA36923D2784700D979D1 /* core-open2fa */,
				CDBCA36823D2784700D979D1 /* Products */,
				7C3DCC0F970BFA5A5CE1AFCF /* Pods */,
				71B40F263DA06BEA7263ED78 /* Frameworks */,
			);
			sourceTree = "<group>";
		};
		CDBCA36823D2784700D979D1 /* Products */ = {
			isa = PBXGroup;
			children = (
				CDBCA36723D2784700D979D1 /* core-open2fa */,
			);
			name = Products;
			sourceTree = "<group>";
		};
		CDBCA36923D2784700D979D1 /* core-open2fa */ = {
			isa = PBXGroup;
			children = (
				CDBCA37123D27B3200D979D1 /* iodriver.swift */,
				CDBCA36A23D2784700D979D1 /* main.swift */,
				E798F2D2B82FCAC6182B8914 /* JSON_Handler.swift */,
				E798F5270960E37801C8EED2 /* core-open2fa.swift */,
				E798F34BF3CD4E1EA3734C22 /* crypt_handler.swift */,
			);
			path = "core-open2fa";
			sourceTree = "<group>";
		};
/* End PBXGroup section */

/* Begin PBXNativeTarget section */
		CDBCA36623D2784700D979D1 /* core-open2fa */ = {
			isa = PBXNativeTarget;
			buildConfigurationList = CDBCA36E23D2784700D979D1 /* Build configuration list for PBXNativeTarget "core-open2fa" */;
			buildPhases = (
				AF00FA17BDFC210D8BA38E2A /* [CP] Check Pods Manifest.lock */,
				CDBCA36323D2784700D979D1 /* Sources */,
				CDBCA36423D2784700D979D1 /* Frameworks */,
				CDBCA36523D2784700D979D1 /* CopyFiles */,
			);
			buildRules = (
			);
			dependencies = (
			);
			name = "core-open2fa";
			productName = "core-open2fa";
			productReference = CDBCA36723D2784700D979D1 /* core-open2fa */;
			productType = "com.apple.product-type.tool";
		};
/* End PBXNativeTarget section */

/* Begin PBXProject section */
		CDBCA35F23D2784700D979D1 /* Project object */ = {
			isa = PBXProject;
			attributes = {
				LastSwiftUpdateCheck = 1130;
				LastUpgradeCheck = 1130;
				ORGANIZATIONNAME = "Vlad Vrublevsky";
				TargetAttributes = {
					CDBCA36623D2784700D979D1 = {
						CreatedOnToolsVersion = 11.3.1;
					};
				};
			};
			buildConfigurationList = CDBCA36223D2784700D979D1 /* Build configuration list for PBXProject "core-open2fa" */;
			compatibilityVersion = "Xcode 9.3";
			developmentRegion = en;
			hasScannedForEncodings = 0;
			knownRegions = (
				en,
				Base,
			);
			mainGroup = CDBCA35E23D2784700D979D1;
			productRefGroup = CDBCA36823D2784700D979D1 /* Products */;
			projectDirPath = "";
			projectRoot = "";
			targets = (
				CDBCA36623D2784700D979D1 /* core-open2fa */,
			);
		};
/* End PBXProject section */

/* Begin PBXShellScriptBuildPhase section */
		AF00FA17BDFC210D8BA38E2A /* [CP] Check Pods Manifest.lock */ = {
			isa = PBXShellScriptBuildPhase;
			buildActionMask = 2147483647;
			files = (
			);
			inputFileListPaths = (
			);
			inputPaths = (
				"${PODS_PODFILE_DIR_PATH}/Podfile.lock",
				"${PODS_ROOT}/Manifest.lock",
			);
			name = "[CP] Check Pods Manifest.lock";
			outputFileListPaths = (
			);
			outputPaths = (
				"$(DERIVED_FILE_DIR)/Pods-core-open2fa-checkManifestLockResult.txt",
			);
			runOnlyForDeploymentPostprocessing = 0;
			shellPath = /bin/sh;
			shellScript = "diff \"${PODS_PODFILE_DIR_PATH}/Podfile.lock\" \"${PODS_ROOT}/Manifest.lock\" > /dev/null\nif [ $? != 0 ] ; then\n    # print error to STDERR\n    echo \"error: The sandbox is not in sync with the Podfile.lock. Run 'pod install' or update your CocoaPods installation.\" >&2\n    exit 1\nfi\n# This output is used by Xcode 'outputs' to avoid re-running this script phase.\necho \"SUCCESS\" > \"${SCRIPT_OUTPUT_FILE_0}\"\n";
			showEnvVarsInLog = 0;
		};
/* End PBXShellScriptBuildPhase section */

/* Begin PBXSourcesBuildPhase section */
		CDBCA36323D2784700D979D1 /* Sources */ = {
			isa = PBXSourcesBuildPhase;
			buildActionMask = 2147483647;
			files = (
				CDBCA36B23D2784700D979D1 /* main.swift in Sources */,
				CDBCA37223D27B3200D979D1 /* iodriver.swift in Sources */,
				E798F7DD4D556410882824E3 /* JSON_Handler.swift in Sources */,
				E798FDAC33CEF6F1BAA106B1 /* core-open2fa.swift in Sources */,
				E798F187636E32CC1C180DA7 /* crypt_handler.swift in Sources */,
			);
			runOnlyForDeploymentPostprocessing = 0;
		};
/* End PBXSourcesBuildPhase section */

/* Begin XCBuildConfiguration section */
		CDBCA36C23D2784700D979D1 /* Debug */ = {
			isa = XCBuildConfiguration;
			buildSettings = {
				ALWAYS_SEARCH_USER_PATHS = NO;
				CLANG_ANALYZER_NONNULL = YES;
				CLANG_ANALYZER_NUMBER_OBJECT_CONVERSION = YES_AGGRESSIVE;
				CLANG_CXX_LANGUAGE_STANDARD = "gnu++14";
				CLANG_CXX_LIBRARY = "libc++";
				CLANG_ENABLE_MODULES = YES;
				CLANG_ENABLE_OBJC_ARC = YES;
				CLANG_ENABLE_OBJC_WEAK = YES;
				CLANG_WARN_BLOCK_CAPTURE_AUTORELEASING = YES;
				CLANG_WARN_BOOL_CONVERSION = YES;
				CLANG_WARN_COMMA = YES;
				CLANG_WARN_CONSTANT_CONVERSION = YES;
				CLANG_WARN_DEPRECATED_OBJC_IMPLEMENTATIONS = YES;
				CLANG_WARN_DIRECT_OBJC_ISA_USAGE = YES_ERROR;
				CLANG_WARN_DOCUMENTATION_COMMENTS = YES;
				CLANG_WARN_EMPTY_BODY = YES;
				CLANG_WARN_ENUM_CONVERSION = YES;
				CLANG_WARN_INFINITE_RECURSION = YES;
				CLANG_WARN_INT_CONVERSION = YES;
				CLANG_WARN_NON_LITERAL_NULL_CONVERSION = YES;
				CLANG_WARN_OBJC_IMPLICIT_RETAIN_SELF = YES;
				CLANG_WARN_OBJC_LITERAL_CONVERSION = YES;
				CLANG_WARN_OBJC_ROOT_CLASS = YES_ERROR;
				CLANG_WARN_RANGE_LOOP_ANALYSIS = YES;
				CLANG_WARN_STRICT_PROTOTYPES = YES;
				CLANG_WARN_SUSPICIOUS_MOVE = YES;
				CLANG_WARN_UNGUARDED_AVAILABILITY = YES_AGGRESSIVE;
				CLANG_WARN_UNREACHABLE_CODE = YES;
				CLANG_WARN__DUPLICATE_METHOD_MATCH = YES;
				COPY_PHASE_STRIP = NO;
				DEBUG_INFORMATION_FORMAT = dwarf;
				ENABLE_STRICT_OBJC_MSGSEND = YES;
				ENABLE_TESTABILITY = YES;
				GCC_C_LANGUAGE_STANDARD = gnu11;
				GCC_DYNAMIC_NO_PIC = NO;
				GCC_NO_COMMON_BLOCKS = YES;
				GCC_OPTIMIZATION_LEVEL = 0;
				GCC_PREPROCESSOR_DEFINITIONS = (
					"DEBUG=1",
					"$(inherited)",
				);
				GCC_WARN_64_TO_32_BIT_CONVERSION = YES;
				GCC_WARN_ABOUT_RETURN_TYPE = YES_ERROR;
				GCC_WARN_UNDECLARED_SELECTOR = YES;
				GCC_WARN_UNINITIALIZED_AUTOS = YES_AGGRESSIVE;
				GCC_WARN_UNUSED_FUNCTION = YES;
				GCC_WARN_UNUSED_VARIABLE = YES;
				MACOSX_DEPLOYMENT_TARGET = 10.15;
				MTL_ENABLE_DEBUG_INFO = INCLUDE_SOURCE;
				MTL_FAST_MATH = YES;
				ONLY_ACTIVE_ARCH = YES;
				SDKROOT = macosx;
				SWIFT_ACTIVE_COMPILATION_CONDITIONS = DEBUG;
				SWIFT_OPTIMIZATION_LEVEL = "-Onone";
			};
			name = Debug;
		};
		CDBCA36D23D2784700D979D1 /* Release */ = {
			isa = XCBuildConfiguration;
			buildSettings = {
				ALWAYS_SEARCH_USER_PATHS = NO;
				CLANG_ANALYZER_NONNULL = YES;
				CLANG_ANALYZER_NUMBER_OBJECT_CONVERSION = YES_AGGRESSIVE;
				CLANG_CXX_LANGUAGE_STANDARD = "gnu++14";
				CLANG_CXX_LIBRARY = "libc++";
				CLANG_ENABLE_MODULES = YES;
				CLANG_ENABLE_OBJC_ARC = YES;
				CLANG_ENABLE_OBJC_WEAK = YES;
				CLANG_WARN_BLOCK_CAPTURE_AUTORELEASING = YES;
				CLANG_WARN_BOOL_CONVERSION = YES;
				CLANG_WARN_COMMA = YES;
				CLANG_WARN_CONSTANT_CONVERSION = YES;
				CLANG_WARN_DEPRECATED_OBJC_IMPLEMENTATIONS = YES;
				CLANG_WARN_DIRECT_OBJC_ISA_USAGE = YES_ERROR;
				CLANG_WARN_DOCUMENTATION_COMMENTS = YES;
				CLANG_WARN_EMPTY_BODY = YES;
				CLANG_WARN_ENUM_CONVERSION = YES;
				CLANG_WARN_INFINITE_RECURSION = YES;
				CLANG_WARN_INT_CONVERSION = YES;
				CLANG_WARN_NON_LITERAL_NULL_CONVERSION = YES;
				CLANG_WARN_OBJC_IMPLICIT_RETAIN_SELF = YES;
				CLANG_WARN_OBJC_LITERAL_CONVERSION = YES;
				CLANG_WARN_OBJC_ROOT_CLASS = YES_ERROR;
				CLANG_WARN_RANGE_LOOP_ANALYSIS = YES;
				CLANG_WARN_STRICT_PROTOTYPES = YES;
				CLANG_WARN_SUSPICIOUS_MOVE = YES;
				CLANG_WARN_UNGUARDED_AVAILABILITY = YES_AGGRESSIVE;
				CLANG_WARN_UNREACHABLE_CODE = YES;
				CLANG_WARN__DUPLICATE_METHOD_MATCH = YES;
				COPY_PHASE_STRIP = NO;
				DEBUG_INFORMATION_FORMAT = "dwarf-with-dsym";
				ENABLE_NS_ASSERTIONS = NO;
				ENABLE_STRICT_OBJC_MSGSEND = YES;
				GCC_C_LANGUAGE_STANDARD = gnu11;
				GCC_NO_COMMON_BLOCKS = YES;
				GCC_WARN_64_TO_32_BIT_CONVERSION = YES;
				GCC_WARN_ABOUT_RETURN_TYPE = YES_ERROR;
				GCC_WARN_UNDECLARED_SELECTOR = YES;
				GCC_WARN_UNINITIALIZED_AUTOS = YES_AGGRESSIVE;
				GCC_WARN_UNUSED_FUNCTION = YES;
				GCC_WARN_UNUSED_VARIABLE = YES;
				MACOSX_DEPLOYMENT_TARGET = 10.15;
				MTL_ENABLE_DEBUG_INFO = NO;
				MTL_FAST_MATH = YES;
				SDKROOT = macosx;
				SWIFT_COMPILATION_MODE = wholemodule;
				SWIFT_OPTIMIZATION_LEVEL = "-O";
			};
			name = Release;
		};
		CDBCA36F23D2784700D979D1 /* Debug */ = {
			isa = XCBuildConfiguration;
			baseConfigurationReference = 9E680060655661EEA3729876 /* Pods-core-open2fa.debug.xcconfig */;
			buildSettings = {
				CODE_SIGN_STYLE = Automatic;
				PRODUCT_NAME = "$(TARGET_NAME)";
				SWIFT_VERSION = 5.0;
			};
			name = Debug;
		};
		CDBCA37023D2784700D979D1 /* Release */ = {
			isa = XCBuildConfiguration;
			baseConfigurationReference = BC54A42CEE6E2FF4385E62E2 /* Pods-core-open2fa.release.xcconfig */;
			buildSettings = {
				CODE_SIGN_STYLE = Automatic;
				PRODUCT_NAME = "$(TARGET_NAME)";
				SWIFT_VERSION = 5.0;
			};
			name = Release;
		};
/* End XCBuildConfiguration section */

/* Begin XCConfigurationList section */
		CDBCA36223D2784700D979D1 /* Build configuration list for PBXProject "core-open2fa" */ = {
			isa = XCConfigurationList;
			buildConfigurations = (
				CDBCA36C23D2784700D979D1 /* Debug */,
				CDBCA36D23D2784700D979D1 /* Release */,
			);
			defaultConfigurationIsVisible = 0;
			defaultConfigurationName = Release;
		};
		CDBCA36E23D2784700D979D1 /* Build configuration list for PBXNativeTarget "core-open2fa" */ = {
			isa = XCConfigurationList;
			buildConfigurations = (
				CDBCA36F23D2784700D979D1 /* Debug */,
				CDBCA37023D2784700D979D1 /* Release */,
			);
			defaultConfigurationIsVisible = 0;
			defaultConfigurationName = Release;
		};
/* End XCConfigurationList section */
	};
	rootObject = CDBCA35F23D2784700D979D1 /* Project object */;
}
